
Microsoft Visual Studio Solution File, Format Version 12.00
# Visual Studio Version 16
VisualStudioVersion = 16.0.31129.286
MinimumVisualStudioVersion = 10.0.40219.1
Project("{FAE04EC0-301F-11D3-BF4B-00C04F79EFBC}") = "Asesorias", "Asesorias\Asesorias.csproj", "{1BFF1491-0968-4C3A-BF8B-656B6BE975FE}"
EndProject
Project("{FAE04EC0-301F-11D3-BF4B-00C04F79EFBC}") = "BL", "BL\BL.csproj", "{56EC1CBD-4073-40CC-B045-BA1945307460}"
EndProject
Global
	GlobalSection(SolutionConfigurationPlatforms) = preSolution
		Debug|Any CPU = Debug|Any CPU
		Release|Any CPU = Release|Any CPU
	EndGlobalSection
	GlobalSection(ProjectConfigurationPlatforms) = postSolution
		{1BFF1491-0968-4C3A-BF8B-656B6BE975FE}.Debug|Any CPU.ActiveCfg = Debug|Any CPU
		{1BFF1491-0968-4C3A-BF8B-656B6BE975FE}.Debug|Any CPU.Build.0 = Debug|Any CPU
		{1BFF1491-0968-4C3A-BF8B-656B6BE975FE}.Release|Any CPU.ActiveCfg = Release|Any CPU
		{1BFF1491-0968-4C3A-BF8B-656B6BE975FE}.Release|Any CPU.Build.0 = Release|Any CPU
		{56EC1CBD-4073-40CC-B045-BA1945307460}.Debug|Any CPU.ActiveCfg = Debug|Any CPU
		{56EC1CBD-4073-40CC-B045-BA1945307460}.Debug|Any CPU.Build.0 = Debug|Any CPU
		{56EC1CBD-4073-40CC-B045-BA1945307460}.Release|Any CPU.ActiveCfg = Release|Any CPU
		{56EC1CBD-4073-40CC-B045-BA1945307460}.Release|Any CPU.Build.0 = Release|Any CPU
	EndGlobalSection
	GlobalSection(SolutionProperties) = preSolution
		HideSolutionNode = FALSE
	EndGlobalSection
	GlobalSection(ExtensibilityGlobals) = postSolution
		SolutionGuid = {1DFBC417-71C4-4440-B657-B6C5E7803A87}
	EndGlobalSection
EndGlobal
